
Microsoft Visual Studio Solution File, Format Version 12.00
# Visual Studio Version 17
VisualStudioVersion = 17.5.33414.496
MinimumVisualStudioVersion = 10.0.40219.1
Project("{FAE04EC0-301F-11D3-BF4B-00C04F79EFBC}") = "ShWeightApp", "ShWeightApp\ShWeightApp.csproj", "{68782595-08E4-4113-B98F-0C12217D8224}"
EndProject
Project("{FAE04EC0-301F-11D3-BF4B-00C04F79EFBC}") = "ShWeight.Core", "ShWeight.Core\ShWeight.Core.csproj", "{D51CF06B-8473-48EF-95A2-B1973A4BCD2D}"
EndProject
Global
	GlobalSection(SolutionConfigurationPlatforms) = preSolution
		Debug|Any CPU = Debug|Any CPU
		Release|Any CPU = Release|Any CPU
	EndGlobalSection
	GlobalSection(ProjectConfigurationPlatforms) = postSolution
		{68782595-08E4-4113-B98F-0C12217D8224}.Debug|Any CPU.ActiveCfg = Debug|Any CPU
		{68782595-08E4-4113-B98F-0C12217D8224}.Debug|Any CPU.Build.0 = Debug|Any CPU
		{68782595-08E4-4113-B98F-0C12217D8224}.Release|Any CPU.ActiveCfg = Release|Any CPU
		{68782595-08E4-4113-B98F-0C12217D8224}.Release|Any CPU.Build.0 = Release|Any CPU
		{D51CF06B-8473-48EF-95A2-B1973A4BCD2D}.Debug|Any CPU.ActiveCfg = Debug|Any CPU
		{D51CF06B-8473-48EF-95A2-B1973A4BCD2D}.Debug|Any CPU.Build.0 = Debug|Any CPU
		{D51CF06B-8473-48EF-95A2-B1973A4BCD2D}.Release|Any CPU.ActiveCfg = Release|Any CPU
		{D51CF06B-8473-48EF-95A2-B1973A4BCD2D}.Release|Any CPU.Build.0 = Release|Any CPU
	EndGlobalSection
	GlobalSection(SolutionProperties) = preSolution
		HideSolutionNode = FALSE
	EndGlobalSection
	GlobalSection(ExtensibilityGlobals) = postSolution
		SolutionGuid = {39837A65-C2A5-4FE3-ACD5-4EA03C2775FF}
	EndGlobalSection
EndGlobal
